
Microsoft Visual Studio Solution File, Format Version 12.00
# Visual Studio 15
VisualStudioVersion = 15.0.28307.1062
MinimumVisualStudioVersion = 10.0.40219.1
Project("{FAE04EC0-301F-11D3-BF4B-00C04F79EFBC}") = "Tree", "Tree\Tree.csproj", "{1E6CBB1E-70AF-41BF-AAF0-3DAE529B671F}"
EndProject
Project("{2150E333-8FDC-42A3-9474-1A3956D46DE8}") = "Task 1", "Task 1", "{AA3E17F4-6F82-479C-A38E-1C52590F0277}"
EndProject
Project("{FAE04EC0-301F-11D3-BF4B-00C04F79EFBC}") = "StudentLibrary", "StudentLibrary\StudentLibrary.csproj", "{CCC7590D-1D36-4AD9-8E29-E6C3FDEA55D6}"
EndProject
Project("{2150E333-8FDC-42A3-9474-1A3956D46DE8}") = "Task 2", "Task 2", "{9E88B733-2CDB-49C4-B2C4-723C98FB0AE0}"
EndProject
Project("{FAE04EC0-301F-11D3-BF4B-00C04F79EFBC}") = "Serializer", "Serializer\Serializer.csproj", "{18302631-DE05-4C74-BE6C-D60C1FF8BEA9}"
EndProject
Project("{FAE04EC0-301F-11D3-BF4B-00C04F79EFBC}") = "Task2Tests", "Task2Tests\Task2Tests.csproj", "{BA16EFFB-541D-494E-B777-445A202F1AD3}"
EndProject
Project("{FAE04EC0-301F-11D3-BF4B-00C04F79EFBC}") = "Task1Tests", "Task1Tests\Task1Tests.csproj", "{EA226F48-6419-471F-A04C-2A5C9E054363}"
EndProject
Project("{9A19103F-16F7-4668-BE54-9A1E7A4F7556}") = "CatsLibrary", "CatsLibrary\CatsLibrary.csproj", "{C3EC1631-72DC-43E4-AE60-897BAEAE2117}"
EndProject
Global
	GlobalSection(SolutionConfigurationPlatforms) = preSolution
		Debug|Any CPU = Debug|Any CPU
		Release|Any CPU = Release|Any CPU
	EndGlobalSection
	GlobalSection(ProjectConfigurationPlatforms) = postSolution
		{1E6CBB1E-70AF-41BF-AAF0-3DAE529B671F}.Debug|Any CPU.ActiveCfg = Debug|Any CPU
		{1E6CBB1E-70AF-41BF-AAF0-3DAE529B671F}.Debug|Any CPU.Build.0 = Debug|Any CPU
		{1E6CBB1E-70AF-41BF-AAF0-3DAE529B671F}.Release|Any CPU.ActiveCfg = Release|Any CPU
		{1E6CBB1E-70AF-41BF-AAF0-3DAE529B671F}.Release|Any CPU.Build.0 = Release|Any CPU
		{CCC7590D-1D36-4AD9-8E29-E6C3FDEA55D6}.Debug|Any CPU.ActiveCfg = Debug|Any CPU
		{CCC7590D-1D36-4AD9-8E29-E6C3FDEA55D6}.Debug|Any CPU.Build.0 = Debug|Any CPU
		{CCC7590D-1D36-4AD9-8E29-E6C3FDEA55D6}.Release|Any CPU.ActiveCfg = Release|Any CPU
		{CCC7590D-1D36-4AD9-8E29-E6C3FDEA55D6}.Release|Any CPU.Build.0 = Release|Any CPU
		{18302631-DE05-4C74-BE6C-D60C1FF8BEA9}.Debug|Any CPU.ActiveCfg = Debug|Any CPU
		{18302631-DE05-4C74-BE6C-D60C1FF8BEA9}.Debug|Any CPU.Build.0 = Debug|Any CPU
		{18302631-DE05-4C74-BE6C-D60C1FF8BEA9}.Release|Any CPU.ActiveCfg = Release|Any CPU
		{18302631-DE05-4C74-BE6C-D60C1FF8BEA9}.Release|Any CPU.Build.0 = Release|Any CPU
		{BA16EFFB-541D-494E-B777-445A202F1AD3}.Debug|Any CPU.ActiveCfg = Debug|Any CPU
		{BA16EFFB-541D-494E-B777-445A202F1AD3}.Debug|Any CPU.Build.0 = Debug|Any CPU
		{BA16EFFB-541D-494E-B777-445A202F1AD3}.Release|Any CPU.ActiveCfg = Release|Any CPU
		{BA16EFFB-541D-494E-B777-445A202F1AD3}.Release|Any CPU.Build.0 = Release|Any CPU
		{EA226F48-6419-471F-A04C-2A5C9E054363}.Debug|Any CPU.ActiveCfg = Debug|Any CPU
		{EA226F48-6419-471F-A04C-2A5C9E054363}.Debug|Any CPU.Build.0 = Debug|Any CPU
		{EA226F48-6419-471F-A04C-2A5C9E054363}.Release|Any CPU.ActiveCfg = Release|Any CPU
		{EA226F48-6419-471F-A04C-2A5C9E054363}.Release|Any CPU.Build.0 = Release|Any CPU
		{C3EC1631-72DC-43E4-AE60-897BAEAE2117}.Debug|Any CPU.ActiveCfg = Debug|Any CPU
		{C3EC1631-72DC-43E4-AE60-897BAEAE2117}.Debug|Any CPU.Build.0 = Debug|Any CPU
		{C3EC1631-72DC-43E4-AE60-897BAEAE2117}.Release|Any CPU.ActiveCfg = Release|Any CPU
		{C3EC1631-72DC-43E4-AE60-897BAEAE2117}.Release|Any CPU.Build.0 = Release|Any CPU
	EndGlobalSection
	GlobalSection(SolutionProperties) = preSolution
		HideSolutionNode = FALSE
	EndGlobalSection
	GlobalSection(NestedProjects) = preSolution
		{1E6CBB1E-70AF-41BF-AAF0-3DAE529B671F} = {AA3E17F4-6F82-479C-A38E-1C52590F0277}
		{CCC7590D-1D36-4AD9-8E29-E6C3FDEA55D6} = {AA3E17F4-6F82-479C-A38E-1C52590F0277}
		{18302631-DE05-4C74-BE6C-D60C1FF8BEA9} = {9E88B733-2CDB-49C4-B2C4-723C98FB0AE0}
		{BA16EFFB-541D-494E-B777-445A202F1AD3} = {9E88B733-2CDB-49C4-B2C4-723C98FB0AE0}
		{EA226F48-6419-471F-A04C-2A5C9E054363} = {AA3E17F4-6F82-479C-A38E-1C52590F0277}
		{C3EC1631-72DC-43E4-AE60-897BAEAE2117} = {9E88B733-2CDB-49C4-B2C4-723C98FB0AE0}
	EndGlobalSection
	GlobalSection(ExtensibilityGlobals) = postSolution
		SolutionGuid = {82AADD13-43DE-48CE-B72E-2B44946E8136}
	EndGlobalSection
EndGlobal
